{
  "name": "wander-travel-mobile",
  "version": "0.101.5",
  "lockfileVersion": 3,
  "requires": true,
  "packages": {
    "": {
      "name": "wander-travel-mobile",
      "version": "0.101.5",
      "dependencies": {
        "@capacitor/android": "8.4.2",
        "@capacitor/core": "8.4.2"
      },
      "devDependencies": {
        "@capacitor/cli": "8.4.2"
      }
    },
    "node_modules/@capacitor/android": {
      "version": "8.4.2",
      "resolved": "https://registry.npmjs.org/@capacitor/android/-/android-8.4.2.tgz",
      "integrity": "sha512-bzf8XZ9C+ePgOQ+e+T0fnhHGH4aCNY494vvSQIF5w4AY07RwEmkFqZs1678DDSMH0hLSQpxEwXGFNUVcXO6bBA==",
      "license": "MIT",
      "peerDependencies": {
        "@capacitor/core": "^8.4.0"
      }
    },
    "node_modules/@capacitor/cli": {
      "version": "8.4.2",
      "resolved": "https://registry.npmjs.org/@capacitor/cli/-/cli-8.4.2.tgz",
      "integrity": "sha512-hE4HmpMdr5T8eQ++kGa1BKkdG2JLEvo1y1cj1kmFK78VB9dBp538oe1EZvzwupNGOl0ZueALotzL5wcXRD9w1Q==",
      "license": "MIT",
      "bin": {
        "cap": "bin/capacitor"
      },
      "engines": {
        "node": ">=22.0.0"
      }
    },
    "node_modules/@capacitor/core": {
      "version": "8.4.2",
      "resolved": "https://registry.npmjs.org/@capacitor/core/-/core-8.4.2.tgz",
      "integrity": "sha512-gf56J8IYxHho/8lGgBrK9mJCLZ0Z0oBIPi6M9sLPMYMRh1N4QyeEZ36S+q0xGiWzEumzr9hH7uxmIvVQJS2RjQ==",
      "license": "MIT"
    },
    "node_modules/@ionic/cli-framework-output": {
      "version": "2.2.8",
      "resolved": "https://registry.npmjs.org/@ionic/cli-framework-output/-/cli-framework-output-2.2.8.tgz",
      "integrity": "sha512-31hJb4w3vnBPSYBYJjv1++vS6Lh4Lc9mXBAtQYlSBnPzKJ5jns6WvzsZ+wS0vVwz/r5XvD2fH7GtvnmllW8rCg==",
      "dev": true,
      "license": "MIT",
      "dependencies": {
        "@ionic/utils-terminal": "2.3.5",
        "debug": "4.4.3",
        "tslib": "^2.8.1"
      }
    },
    "node_modules/@ionic/utils-array": {
      "version": "2.1.6",
      "resolved": "https://registry.npmjs.org/@ionic/utils-array/-/utils-array-2.1.6.tgz",
      "integrity": "sha512-nw7KPS3yESgg9FRBm7C0v4g7qYuxEBBDEfPx4AqphRcmzwvPAbyzqS6V0YAjNdM2p8BzqMiByVzuIRh/YydjUA==",
      "dev": true,
      "license": "MIT",
      "dependencies": {
        "debug": "4.4.3"
      }
    },
    "node_modules/@ionic/utils-fs": {
      "version": "3.1.7",
      "resolved": "https://registry.npmjs.org/@ionic/utils-fs/-/utils-fs-3.1.7.tgz",
      "integrity": "sha512-FSVna68HD7K2ZLd1cUpSPoY3StCFJ7n0jHdzAeJ2J0L6gSxJ9zLaAqpEOmgVmYcWKNuXzXw8HvG4fqlcDUWwhw==",
      "dev": true,
      "license": "MIT",
      "dependencies": {
        "@types/fs-extra": "^8.1.5",
        "debug": "4.4.3",
        "fs-extra": "11.3.2",
        "klaw": "4.1.0",
        "semver": "7.7.4",
        "tslib": "^2.8.1"
      }
    }
  }
}
